{
    "_meta": {
        "hash": {
            "sha256": "b3c5b15a611ea058b9879237e26bdaf4efbc59b5406a21a3df348c7d756d219b"
        },
        "pipfile-spec": 6,
        "requires": {
            "python_version": "2.7"
        },
        "sources": [
            {
                "name": "pypi",
                "url": "https://pypi.org/simple",
                "verify_ssl": true
            }
        ]
    },
    "default": {
        "componere": {
            "editable": true,
            "path": "."
        },
        "docopt": {
            "hashes": [
                "sha256:49b3a825280bd66b3aa83585ef59c4a8c82f2c8a522dbe754a8bc8d08c85c491"
            ],
            "version": "==0.6.2"
        },
        "graphviz": {
            "hashes": [
                "sha256:61e9f7126f5efdd11fb9269d4622277fbf8ed92046b73f3e78529e3be6a95f15",
                "sha256:955ee0a10b177cbe0ac5a749141049708fdcd5a124c04fa28ccfb9d65b6dd086"
            ],
            "version": "==0.4.10"
        },
        "pyyaml": {
            "hashes": [
                "sha256:4a612876bfac22be403a39cbff64b8aac7ce3fed4c11778c59f79232943b22e4",
                "sha256:e713da45c96ca53a3a8b48140d4120374db622df16ab71759c9ceb5b8d46fe7c"
            ],
            "version": "==3.10"
        }
    },
    "develop": {
        "funcsigs": {
            "hashes": [
                "sha256:330cc27ccbf7f1e992e69fef78261dc7c6569012cf397db8d3de0234e6c937ca",
                "sha256:a7bb0f2cf3a3fd1ab2732cb49eba4252c2af4240442415b4abce3b87022a8f50"
            ],
            "markers": "python_version < '3.3'",
            "version": "==1.0.2"
        },
        "mock": {
            "hashes": [
                "sha256:83657d894c90d5681d62155c82bda9c1187827525880eda8ff5df4ec813437c3",
                "sha256:d157e52d4e5b938c550f39eb2fd15610db062441a9c2747d3dbfa9298211d0f8"
            ],
            "index": "pypi",
            "version": "==3.0.5"
        },
        "six": {
            "hashes": [
                "sha256:3350809f0555b11f552448330d0b52d5f24c91a322ea4a15ef22629740f3761c",
                "sha256:d16a0141ec1a18405cd4ce8b4613101da75da0e9a7aec5bdd4fa804d0e0eba73"
            ],
            "version": "==1.12.0"
        }
    }
}
